
Microsoft Visual Studio Solution File, Format Version 12.00
# Visual Studio 14
VisualStudioVersion = 14.0.24720.0
MinimumVisualStudioVersion = 10.0.40219.1
Project("{FAE04EC0-301F-11D3-BF4B-00C04F79EFBC}") = "Retro_Indie_Spiel_Webserver", "Retro_Indie_Spiel_Webserver\Retro_Indie_Spiel_Webserver.csproj", "{65F18D5B-C241-4196-9F94-53E785003513}"
EndProject
Project("{FAE04EC0-301F-11D3-BF4B-00C04F79EFBC}") = "Retro_Indie_Spiel_Webserver.Tests", "Retro_Indie_Spiel_Webserver.Tests\Retro_Indie_Spiel_Webserver.Tests.csproj", "{BA9CF81C-CCFF-4230-A3A1-09E7A8044F56}"
EndProject
Global
	GlobalSection(SolutionConfigurationPlatforms) = preSolution
		Debug|Any CPU = Debug|Any CPU
		Release|Any CPU = Release|Any CPU
	EndGlobalSection
	GlobalSection(ProjectConfigurationPlatforms) = postSolution
		{65F18D5B-C241-4196-9F94-53E785003513}.Debug|Any CPU.ActiveCfg = Debug|Any CPU
		{65F18D5B-C241-4196-9F94-53E785003513}.Debug|Any CPU.Build.0 = Debug|Any CPU
		{65F18D5B-C241-4196-9F94-53E785003513}.Release|Any CPU.ActiveCfg = Release|Any CPU
		{65F18D5B-C241-4196-9F94-53E785003513}.Release|Any CPU.Build.0 = Release|Any CPU
		{BA9CF81C-CCFF-4230-A3A1-09E7A8044F56}.Debug|Any CPU.ActiveCfg = Debug|Any CPU
		{BA9CF81C-CCFF-4230-A3A1-09E7A8044F56}.Debug|Any CPU.Build.0 = Debug|Any CPU
		{BA9CF81C-CCFF-4230-A3A1-09E7A8044F56}.Release|Any CPU.ActiveCfg = Release|Any CPU
		{BA9CF81C-CCFF-4230-A3A1-09E7A8044F56}.Release|Any CPU.Build.0 = Release|Any CPU
	EndGlobalSection
	GlobalSection(SolutionProperties) = preSolution
		HideSolutionNode = FALSE
	EndGlobalSection
EndGlobal
